// !$*UTF8*$!
{
	archiveVersion = 1;
	classes = {
	};
	objectVersion = 56;
	objects = {

/* Begin PBXBuildFile section */
		02432C872A37472B000CE030 /* Main.storyboard in Resources */ = {isa = PBXBuildFile; fileRef = 02432C852A37472B000CE030 /* Main.storyboard */; };
		02432C892A37472E000CE030 /* Assets.xcassets in Resources */ = {isa = PBXBuildFile; fileRef = 02432C882A37472E000CE030 /* Assets.xcassets */; };
		02432C8C2A37472E000CE030 /* LaunchScreen.storyboard in Resources */ = {isa = PBXBuildFile; fileRef = 02432C8A2A37472E000CE030 /* LaunchScreen.storyboard */; };
		02432C9E2A374766000CE030 /* AppDelegate.swift in Sources */ = {isa = PBXBuildFile; fileRef = 02432C942A374766000CE030 /* AppDelegate.swift */; };
		02432C9F2A374766000CE030 /* WeatherContext.swift in Sources */ = {isa = PBXBuildFile; fileRef = 02432C952A374766000CE030 /* WeatherContext.swift */; };
		02432CA02A374766000CE030 /* NetworkUtility.swift in Sources */ = {isa = PBXBuildFile; fileRef = 02432C962A374766000CE030 /* NetworkUtility.swift */; };
		02432CA12A374766000CE030 /* WeatherResponse.swift in Sources */ = {isa = PBXBuildFile; fileRef = 02432C972A374766000CE030 /* WeatherResponse.swift */; };
		02432CA22A374766000CE030 /* WeatherForecastView.swift in Sources */ = {isa = PBXBuildFile; fileRef = 02432C982A374766000CE030 /* WeatherForecastView.swift */; };
		02432CA32A374766000CE030 /* WeatherForecastViewController.swift in Sources */ = {isa = PBXBuildFile; fileRef = 02432C992A374766000CE030 /* WeatherForecastViewController.swift */; };
		02432CA42A374766000CE030 /* LocationUtility.swift in Sources */ = {isa = PBXBuildFile; fileRef = 02432C9A2A374766000CE030 /* LocationUtility.swift */; };
		02432CA52A374766000CE030 /* MapViewRepresentable.swift in Sources */ = {isa = PBXBuildFile; fileRef = 02432C9B2A374766000CE030 /* MapViewRepresentable.swift */; };
		02432CA62A374766000CE030 /* SceneDelegate.swift in Sources */ = {isa = PBXBuildFile; fileRef = 02432C9C2A374766000CE030 /* SceneDelegate.swift */; };
		02432CA72A374766000CE030 /* Weather.swift in Sources */ = {isa = PBXBuildFile; fileRef = 02432C9D2A374766000CE030 /* Weather.swift */; };
/* End PBXBuildFile section */

/* Begin PBXFileReference section */
		02432C7C2A37472B000CE030 /* WeatherMF.app */ = {isa = PBXFileReference; explicitFileType = wrapper.application; includeInIndex = 0; path = WeatherMF.app; sourceTree = BUILT_PRODUCTS_DIR; };
		02432C862A37472B000CE030 /* Base */ = {isa = PBXFileReference; lastKnownFileType = file.storyboard; name = Base; path = Base.lproj/Main.storyboard; sourceTree = "<group>"; };
		02432C882A37472E000CE030 /* Assets.xcassets */ = {isa = PBXFileReference; lastKnownFileType = folder.assetcatalog; path = Assets.xcassets; sourceTree = "<group>"; };
		02432C8B2A37472E000CE030 /* Base */ = {isa = PBXFileReference; lastKnownFileType = file.storyboard; name = Base; path = Base.lproj/LaunchScreen.storyboard; sourceTree = "<group>"; };
		02432C8D2A37472E000CE030 /* Info.plist */ = {isa = PBXFileReference; lastKnownFileType = text.plist.xml; path = Info.plist; sourceTree = "<group>"; };
		02432C942A374766000CE030 /* AppDelegate.swift */ = {isa = PBXFileReference; fileEncoding = 4; lastKnownFileType = sourcecode.swift; path = AppDelegate.swift; sourceTree = "<group>"; };
		02432C952A374766000CE030 /* WeatherContext.swift */ = {isa = PBXFileReference; fileEncoding = 4; lastKnownFileType = sourcecode.swift; path = WeatherContext.swift; sourceTree = "<group>"; };
		02432C962A374766000CE030 /* NetworkUtility.swift */ = {isa = PBXFileReference; fileEncoding = 4; lastKnownFileType = sourcecode.swift; path = NetworkUtility.swift; sourceTree = "<group>"; };
		02432C972A374766000CE030 /* WeatherResponse.swift */ = {isa = PBXFileReference; fileEncoding = 4; lastKnownFileType = sourcecode.swift; path = WeatherResponse.swift; sourceTree = "<group>"; };
		02432C982A374766000CE030 /* WeatherForecastView.swift */ = {isa = PBXFileReference; fileEncoding = 4; lastKnownFileType = sourcecode.swift; path = WeatherForecastView.swift; sourceTree = "<group>"; };
		02432C992A374766000CE030 /* WeatherForecastViewController.swift */ = {isa = PBXFileReference; fileEncoding = 4; lastKnownFileType = sourcecode.swift; path = WeatherForecastViewController.swift; sourceTree = "<group>"; };
		02432C9A2A374766000CE030 /* LocationUtility.swift */ = {isa = PBXFileReference; fileEncoding = 4; lastKnownFileType = sourcecode.swift; path = LocationUtility.swift; sourceTree = "<group>"; };
		02432C9B2A374766000CE030 /* MapViewRepresentable.swift */ = {isa = PBXFileReference; fileEncoding = 4; lastKnownFileType = sourcecode.swift; path = MapViewRepresentable.swift; sourceTree = "<group>"; };
		02432C9C2A374766000CE030 /* SceneDelegate.swift */ = {isa = PBXFileReference; fileEncoding = 4; lastKnownFileType = sourcecode.swift; path = SceneDelegate.swift; sourceTree = "<group>"; };
		02432C9D2A374766000CE030 /* Weather.swift */ = {isa = PBXFileReference; fileEncoding = 4; lastKnownFileType = sourcecode.swift; path = Weather.swift; sourceTree = "<group>"; };
/* End PBXFileReference section */

/* Begin PBXFrameworksBuildPhase section */
		02432C792A37472B000CE030 /* Frameworks */ = {
			isa = PBXFrameworksBuildPhase;
			buildActionMask = 2147483647;
			files = (
			);
			runOnlyForDeploymentPostprocessing = 0;
		};
/* End PBXFrameworksBuildPhase section */

/* Begin PBXGroup section */
		02432C732A37472B000CE030 = {
			isa = PBXGroup;
			children = (
				02432C7E2A37472B000CE030 /* WeatherMF */,
				02432C7D2A37472B000CE030 /* Products */,
			);
			sourceTree = "<group>";
		};
		02432C7D2A37472B000CE030 /* Products */ = {
			isa = PBXGroup;
			children = (
				02432C7C2A37472B000CE030 /* WeatherMF.app */,
			);
			name = Products;
			sourceTree = "<group>";
		};
		02432C7E2A37472B000CE030 /* WeatherMF */ = {
			isa = PBXGroup;
			children = (
				02432C942A374766000CE030 /* AppDelegate.swift */,
				02432C9A2A374766000CE030 /* LocationUtility.swift */,
				02432C9B2A374766000CE030 /* MapViewRepresentable.swift */,
				02432C962A374766000CE030 /* NetworkUtility.swift */,
				02432C9C2A374766000CE030 /* SceneDelegate.swift */,
				02432C9D2A374766000CE030 /* Weather.swift */,
				02432C952A374766000CE030 /* WeatherContext.swift */,
				02432C982A374766000CE030 /* WeatherForecastView.swift */,
				02432C992A374766000CE030 /* WeatherForecastViewController.swift */,
				02432C972A374766000CE030 /* WeatherResponse.swift */,
				02432C852A37472B000CE030 /* Main.storyboard */,
				02432C882A37472E000CE030 /* Assets.xcassets */,
				02432C8A2A37472E000CE030 /* LaunchScreen.storyboard */,
				02432C8D2A37472E000CE030 /* Info.plist */,
			);
			path = WeatherMF;
			sourceTree = "<group>";
		};
/* End PBXGroup section */

/* Begin PBXNativeTarget section */
		02432C7B2A37472B000CE030 /* WeatherMF */ = {
			isa = PBXNativeTarget;
			buildConfigurationList = 02432C902A37472E000CE030 /* Build configuration list for PBXNativeTarget "WeatherMF" */;
			buildPhases = (
				02432C782A37472B000CE030 /* Sources */,
				02432C792A37472B000CE030 /* Frameworks */,
				02432C7A2A37472B000CE030 /* Resources */,
			);
			buildRules = (
			);
			dependencies = (
			);
			name = WeatherMF;
			productName = WeatherMF;
			productReference = 02432C7C2A37472B000CE030 /* WeatherMF.app */;
			productType = "com.apple.product-type.application";
		};
/* End PBXNativeTarget section */

/* Begin PBXProject section */
		02432C742A37472B000CE030 /* Project object */ = {
			isa = PBXProject;
			attributes = {
				BuildIndependentTargetsInParallel = 1;
				LastSwiftUpdateCheck = 1420;
				LastUpgradeCheck = 1420;
				TargetAttributes = {
					02432C7B2A37472B000CE030 = {
						CreatedOnToolsVersion = 14.2;
						LastSwiftMigration = 1420;
					};
				};
			};
			buildConfigurationList = 02432C772A37472B000CE030 /* Build configuration list for PBXProject "WeatherMF" */;
			compatibilityVersion = "Xcode 14.0";
			developmentRegion = en;
			hasScannedForEncodings = 0;
			knownRegions = (
				en,
				Base,
			);
			mainGroup = 02432C732A37472B000CE030;
			productRefGroup = 02432C7D2A37472B000CE030 /* Products */;
			projectDirPath = "";
			projectRoot = "";
			targets = (
				02432C7B2A37472B000CE030 /* WeatherMF */,
			);
		};
/* End PBXProject section */

/* Begin PBXResourcesBuildPhase section */
		02432C7A2A37472B000CE030 /* Resources */ = {
			isa = PBXResourcesBuildPhase;
			buildActionMask = 2147483647;
			files = (
				02432C8C2A37472E000CE030 /* LaunchScreen.storyboard in Resources */,
				02432C892A37472E000CE030 /* Assets.xcassets in Resources */,
				02432C872A37472B000CE030 /* Main.storyboard in Resources */,
			);
			runOnlyForDeploymentPostprocessing = 0;
		};
/* End PBXResourcesBuildPhase section */

/* Begin PBXSourcesBuildPhase section */
		02432C782A37472B000CE030 /* Sources */ = {
			isa = PBXSourcesBuildPhase;
			buildActionMask = 2147483647;
			files = (
				02432C9F2A374766000CE030 /* WeatherContext.swift in Sources */,
				02432CA02A374766000CE030 /* NetworkUtility.swift in Sources */,
				02432CA62A374766000CE030 /* SceneDelegate.swift in Sources */,
				02432CA52A374766000CE030 /* MapViewRepresentable.swift in Sources */,
				02432CA72A374766000CE030 /* Weather.swift in Sources */,
				02432CA32A374766000CE030 /* WeatherForecastViewController.swift in Sources */,
				02432C9E2A374766000CE030 /* AppDelegate.swift in Sources */,
				02432CA42A374766000CE030 /* LocationUtility.swift in Sources */,
				02432CA12A374766000CE030 /* WeatherResponse.swift in Sources */,
				02432CA22A374766000CE030 /* WeatherForecastView.swift in Sources */,
			);
			runOnlyForDeploymentPostprocessing = 0;
		};
/* End PBXSourcesBuildPhase section */

/* Begin PBXVariantGroup section */
		02432C852A37472B000CE030 /* Main.storyboard */ = {
			isa = PBXVariantGroup;
			children = (
				02432C862A37472B000CE030 /* Base */,
			);
			name = Main.storyboard;
			sourceTree = "<group>";
		};
		02432C8A2A37472E000CE030 /* LaunchScreen.storyboard */ = {
			isa = PBXVariantGroup;
			children = (
				02432C8B2A37472E000CE030 /* Base */,
			);
			name = LaunchScreen.storyboard;
			sourceTree = "<group>";
		};
/* End PBXVariantGroup section */

/* Begin XCBuildConfiguration section */
		02432C8E2A37472E000CE030 /* Debug */ = {
			isa = XCBuildConfiguration;
			buildSettings = {
				ALWAYS_SEARCH_USER_PATHS = NO;
				CLANG_ANALYZER_NONNULL = YES;
				CLANG_ANALYZER_NUMBER_OBJECT_CONVERSION = YES_AGGRESSIVE;
				CLANG_CXX_LANGUAGE_STANDARD = "gnu++20";
				CLANG_ENABLE_MODULES = YES;
				CLANG_ENABLE_OBJC_ARC = YES;
				CLANG_ENABLE_OBJC_WEAK = YES;
				CLANG_WARN_BLOCK_CAPTURE_AUTORELEASING = YES;
				CLANG_WARN_BOOL_CONVERSION = YES;
				CLANG_WARN_COMMA = YES;
				CLANG_WARN_CONSTANT_CONVERSION = YES;
				CLANG_WARN_DEPRECATED_OBJC_IMPLEMENTATIONS = YES;
				CLANG_WARN_DIRECT_OBJC_ISA_USAGE = YES_ERROR;
				CLANG_WARN_DOCUMENTATION_COMMENTS = YES;
				CLANG_WARN_EMPTY_BODY = YES;
				CLANG_WARN_ENUM_CONVERSION = YES;
				CLANG_WARN_INFINITE_RECURSION = YES;
				CLANG_WARN_INT_CONVERSION = YES;
				CLANG_WARN_NON_LITERAL_NULL_CONVERSION = YES;
				CLANG_WARN_OBJC_IMPLICIT_RETAIN_SELF = YES;
				CLANG_WARN_OBJC_LITERAL_CONVERSION = YES;
				CLANG_WARN_OBJC_ROOT_CLASS = YES_ERROR;
				CLANG_WARN_QUOTED_INCLUDE_IN_FRAMEWORK_HEADER = YES;
				CLANG_WARN_RANGE_LOOP_ANALYSIS = YES;
				CLANG_WARN_STRICT_PROTOTYPES = YES;
				CLANG_WARN_SUSPICIOUS_MOVE = YES;
				CLANG_WARN_UNGUARDED_AVAILABILITY = YES_AGGRESSIVE;
				CLANG_WARN_UNREACHABLE_CODE = YES;
				CLANG_WARN__DUPLICATE_METHOD_MATCH = YES;
				COPY_PHASE_STRIP = NO;
				DEBUG_INFORMATION_FORMAT = dwarf;
				ENABLE_STRICT_OBJC_MSGSEND = YES;
				ENABLE_TESTABILITY = YES;
				GCC_C_LANGUAGE_STANDARD = gnu11;
				GCC_DYNAMIC_NO_PIC = NO;
				GCC_NO_COMMON_BLOCKS = YES;
				GCC_OPTIMIZATION_LEVEL = 0;
				GCC_PREPROCESSOR_DEFINITIONS = (
					"DEBUG=1",
					"$(inherited)",
				);
				GCC_WARN_64_TO_32_BIT_CONVERSION = YES;
				GCC_WARN_ABOUT_RETURN_TYPE = YES_ERROR;
				GCC_WARN_UNDECLARED_SELECTOR = YES;
				GCC_WARN_UNINITIALIZED_AUTOS = YES_AGGRESSIVE;
				GCC_WARN_UNUSED_FUNCTION = YES;
				GCC_WARN_UNUSED_VARIABLE = YES;
				IPHONEOS_DEPLOYMENT_TARGET = 16.2;
				MTL_ENABLE_DEBUG_INFO = INCLUDE_SOURCE;
				MTL_FAST_MATH = YES;
				ONLY_ACTIVE_ARCH = YES;
				SDKROOT = iphoneos;
				SWIFT_ACTIVE_COMPILATION_CONDITIONS = DEBUG;
				SWIFT_OPTIMIZATION_LEVEL = "-Onone";
			};
			name = Debug;
		};
		02432C8F2A37472E000CE030 /* Release */ = {
			isa = XCBuildConfiguration;
			buildSettings = {
				ALWAYS_SEARCH_USER_PATHS = NO;
				CLANG_ANALYZER_NONNULL = YES;
				CLANG_ANALYZER_NUMBER_OBJECT_CONVERSION = YES_AGGRESSIVE;
				CLANG_CXX_LANGUAGE_STANDARD = "gnu++20";
				CLANG_ENABLE_MODULES = YES;
				CLANG_ENABLE_OBJC_ARC = YES;
				CLANG_ENABLE_OBJC_WEAK = YES;
				CLANG_WARN_BLOCK_CAPTURE_AUTORELEASING = YES;
				CLANG_WARN_BOOL_CONVERSION = YES;
				CLANG_WARN_COMMA = YES;
				CLANG_WARN_CONSTANT_CONVERSION = YES;
				CLANG_WARN_DEPRECATED_OBJC_IMPLEMENTATIONS = YES;
				CLANG_WARN_DIRECT_OBJC_ISA_USAGE = YES_ERROR;
				CLANG_WARN_DOCUMENTATION_COMMENTS = YES;
				CLANG_WARN_EMPTY_BODY = YES;
				CLANG_WARN_ENUM_CONVERSION = YES;
				CLANG_WARN_INFINITE_RECURSION = YES;
				CLANG_WARN_INT_CONVERSION = YES;
				CLANG_WARN_NON_LITERAL_NULL_CONVERSION = YES;
				CLANG_WARN_OBJC_IMPLICIT_RETAIN_SELF = YES;
				CLANG_WARN_OBJC_LITERAL_CONVERSION = YES;
				CLANG_WARN_OBJC_ROOT_CLASS = YES_ERROR;
				CLANG_WARN_QUOTED_INCLUDE_IN_FRAMEWORK_HEADER = YES;
				CLANG_WARN_RANGE_LOOP_ANALYSIS = YES;
				CLANG_WARN_STRICT_PROTOTYPES = YES;
				CLANG_WARN_SUSPICIOUS_MOVE = YES;
				CLANG_WARN_UNGUARDED_AVAILABILITY = YES_AGGRESSIVE;
				CLANG_WARN_UNREACHABLE_CODE = YES;
				CLANG_WARN__DUPLICATE_METHOD_MATCH = YES;
				COPY_PHASE_STRIP = NO;
				DEBUG_INFORMATION_FORMAT = "dwarf-with-dsym";
				ENABLE_NS_ASSERTIONS = NO;
				ENABLE_STRICT_OBJC_MSGSEND = YES;
				GCC_C_LANGUAGE_STANDARD = gnu11;
				GCC_NO_COMMON_BLOCKS = YES;
				GCC_WARN_64_TO_32_BIT_CONVERSION = YES;
				GCC_WARN_ABOUT_RETURN_TYPE = YES_ERROR;
				GCC_WARN_UNDECLARED_SELECTOR = YES;
				GCC_WARN_UNINITIALIZED_AUTOS = YES_AGGRESSIVE;
				GCC_WARN_UNUSED_FUNCTION = YES;
				GCC_WARN_UNUSED_VARIABLE = YES;
				IPHONEOS_DEPLOYMENT_TARGET = 16.2;
				MTL_ENABLE_DEBUG_INFO = NO;
				MTL_FAST_MATH = YES;
				SDKROOT = iphoneos;
				SWIFT_COMPILATION_MODE = wholemodule;
				SWIFT_OPTIMIZATION_LEVEL = "-O";
				VALIDATE_PRODUCT = YES;
			};
			name = Release;
		};
		02432C912A37472E000CE030 /* Debug */ = {
			isa = XCBuildConfiguration;
			buildSettings = {
				ASSETCATALOG_COMPILER_APPICON_NAME = AppIcon;
				ASSETCATALOG_COMPILER_GLOBAL_ACCENT_COLOR_NAME = AccentColor;
				CLANG_ENABLE_MODULES = YES;
				CODE_SIGN_STYLE = Automatic;
				CURRENT_PROJECT_VERSION = 1;
				DEVELOPMENT_TEAM = 4FSP9N526J;
				GENERATE_INFOPLIST_FILE = YES;
				INFOPLIST_FILE = WeatherMF/Info.plist;
				INFOPLIST_KEY_UIApplicationSupportsIndirectInputEvents = YES;
				INFOPLIST_KEY_UILaunchStoryboardName = LaunchScreen;
				INFOPLIST_KEY_UIMainStoryboardFile = Main;
				INFOPLIST_KEY_UISupportedInterfaceOrientations_iPad = "UIInterfaceOrientationPortrait UIInterfaceOrientationPortraitUpsideDown UIInterfaceOrientationLandscapeLeft UIInterfaceOrientationLandscapeRight";
				INFOPLIST_KEY_UISupportedInterfaceOrientations_iPhone = "UIInterfaceOrientationPortrait UIInterfaceOrientationLandscapeLeft UIInterfaceOrientationLandscapeRight";
				LD_RUNPATH_SEARCH_PATHS = (
					"$(inherited)",
					"@executable_path/Frameworks",
				);
				MARKETING_VERSION = 1.0;
				PRODUCT_BUNDLE_IDENTIFIER = Mf.WeatherMF;
				PRODUCT_NAME = "$(TARGET_NAME)";
				SWIFT_EMIT_LOC_STRINGS = YES;
				SWIFT_OBJC_BRIDGING_HEADER = "WeatherMF/WeatherMF-Bridging-Header.h";
				SWIFT_OPTIMIZATION_LEVEL = "-Onone";
				SWIFT_VERSION = 5.0;
				TARGETED_DEVICE_FAMILY = "1,2";
			};
			name = Debug;
		};
		02432C922A37472E000CE030 /* Release */ = {
			isa = XCBuildConfiguration;
			buildSettings = {
				ASSETCATALOG_COMPILER_APPICON_NAME = AppIcon;
				ASSETCATALOG_COMPILER_GLOBAL_ACCENT_COLOR_NAME = AccentColor;
				CLANG_ENABLE_MODULES = YES;
				CODE_SIGN_STYLE = Automatic;
				CURRENT_PROJECT_VERSION = 1;
				DEVELOPMENT_TEAM = 4FSP9N526J;
				GENERATE_INFOPLIST_FILE = YES;
				INFOPLIST_FILE = WeatherMF/Info.plist;
				INFOPLIST_KEY_UIApplicationSupportsIndirectInputEvents = YES;
				INFOPLIST_KEY_UILaunchStoryboardName = LaunchScreen;
				INFOPLIST_KEY_UIMainStoryboardFile = Main;
				INFOPLIST_KEY_UISupportedInterfaceOrientations_iPad = "UIInterfaceOrientationPortrait UIInterfaceOrientationPortraitUpsideDown UIInterfaceOrientationLandscapeLeft UIInterfaceOrientationLandscapeRight";
				INFOPLIST_KEY_UISupportedInterfaceOrientations_iPhone = "UIInterfaceOrientationPortrait UIInterfaceOrientationLandscapeLeft UIInterfaceOrientationLandscapeRight";
				LD_RUNPATH_SEARCH_PATHS = (
					"$(inherited)",
					"@executable_path/Frameworks",
				);
				MARKETING_VERSION = 1.0;
				PRODUCT_BUNDLE_IDENTIFIER = Mf.WeatherMF;
				PRODUCT_NAME = "$(TARGET_NAME)";
				SWIFT_EMIT_LOC_STRINGS = YES;
				SWIFT_OBJC_BRIDGING_HEADER = "WeatherMF/WeatherMF-Bridging-Header.h";
				SWIFT_VERSION = 5.0;
				TARGETED_DEVICE_FAMILY = "1,2";
			};
			name = Release;
		};
/* End XCBuildConfiguration section */

/* Begin XCConfigurationList section */
		02432C772A37472B000CE030 /* Build configuration list for PBXProject "WeatherMF" */ = {
			isa = XCConfigurationList;
			buildConfigurations = (
				02432C8E2A37472E000CE030 /* Debug */,
				02432C8F2A37472E000CE030 /* Release */,
			);
			defaultConfigurationIsVisible = 0;
			defaultConfigurationName = Release;
		};
		02432C902A37472E000CE030 /* Build configuration list for PBXNativeTarget "WeatherMF" */ = {
			isa = XCConfigurationList;
			buildConfigurations = (
				02432C912A37472E000CE030 /* Debug */,
				02432C922A37472E000CE030 /* Release */,
			);
			defaultConfigurationIsVisible = 0;
			defaultConfigurationName = Release;
		};
/* End XCConfigurationList section */
	};
	rootObject = 02432C742A37472B000CE030 /* Project object */;
}
